
Microsoft Visual Studio Solution File, Format Version 12.00
Project("{FAE04EC0-301F-11D3-BF4B-00C04F79EFBC}") = "Slagalica", "Slagalica.csproj", "{AD18061F-7B7C-450E-9FE8-6223D75BCFE8}"
EndProject
Global
	GlobalSection(SolutionConfigurationPlatforms) = preSolution
		Debug|Any CPU = Debug|Any CPU
		Release|Any CPU = Release|Any CPU
	EndGlobalSection
	GlobalSection(ProjectConfigurationPlatforms) = postSolution
		{AD18061F-7B7C-450E-9FE8-6223D75BCFE8}.Debug|Any CPU.ActiveCfg = Debug|Any CPU
		{AD18061F-7B7C-450E-9FE8-6223D75BCFE8}.Debug|Any CPU.Build.0 = Debug|Any CPU
		{AD18061F-7B7C-450E-9FE8-6223D75BCFE8}.Release|Any CPU.ActiveCfg = Release|Any CPU
		{AD18061F-7B7C-450E-9FE8-6223D75BCFE8}.Release|Any CPU.Build.0 = Release|Any CPU
	EndGlobalSection
EndGlobal
